
Microsoft Visual Studio Solution File, Format Version 12.00
# Visual Studio Version 16
VisualStudioVersion = 16.0.31321.278
MinimumVisualStudioVersion = 10.0.40219.1
Project("{FAE04EC0-301F-11D3-BF4B-00C04F79EFBC}") = "ProdMVC01", "ProdMVC01\ProdMVC01.csproj", "{6375838D-9554-41C6-AE9E-BDCE9EFBB015}"
EndProject
Global
	GlobalSection(SolutionConfigurationPlatforms) = preSolution
		Debug|Any CPU = Debug|Any CPU
		Release|Any CPU = Release|Any CPU
	EndGlobalSection
	GlobalSection(ProjectConfigurationPlatforms) = postSolution
		{6375838D-9554-41C6-AE9E-BDCE9EFBB015}.Debug|Any CPU.ActiveCfg = Debug|Any CPU
		{6375838D-9554-41C6-AE9E-BDCE9EFBB015}.Debug|Any CPU.Build.0 = Debug|Any CPU
		{6375838D-9554-41C6-AE9E-BDCE9EFBB015}.Release|Any CPU.ActiveCfg = Release|Any CPU
		{6375838D-9554-41C6-AE9E-BDCE9EFBB015}.Release|Any CPU.Build.0 = Release|Any CPU
	EndGlobalSection
	GlobalSection(SolutionProperties) = preSolution
		HideSolutionNode = FALSE
	EndGlobalSection
	GlobalSection(ExtensibilityGlobals) = postSolution
		SolutionGuid = {59E0ABFE-1489-4013-B537-501605889600}
	EndGlobalSection
EndGlobal
